
Microsoft Visual Studio Solution File, Format Version 12.00
Project("{FAE04EC0-301F-11D3-BF4B-00C04F79EFBC}") = "AdoGen.Sample", "examples/AdoGen.Sample/AdoGen.Sample.csproj", "{E8582590-15FE-552D-428F-D27EFD09BAFF}"
EndProject
Project("{FAE04EC0-301F-11D3-BF4B-00C04F79EFBC}") = "AdoGen.Abstractions", "src/AdoGen.Abstractions/AdoGen.Abstractions.csproj", "{C81988E5-FA8D-D2A3-9C1A-B194867B576D}"
EndProject
Project("{FAE04EC0-301F-11D3-BF4B-00C04F79EFBC}") = "AdoGen.Benchmarks", "src/AdoGen.Benchmarks/AdoGen.Benchmarks.csproj", "{7CE86B51-0216-9B49-9D8F-8CF8021986C7}"
EndProject
Project("{FAE04EC0-301F-11D3-BF4B-00C04F79EFBC}") = "AdoGen.Generator", "src/AdoGen.Generator/AdoGen.Generator.csproj", "{4C1240BD-D727-712B-0D55-F95748DBA22E}"
EndProject
Project("{FAE04EC0-301F-11D3-BF4B-00C04F79EFBC}") = "AdoGen.Tests", "src/AdoGen.Tests/AdoGen.Tests.csproj", "{E7B8A342-8B72-68AA-37D8-BD22D85553C3}"
EndProject
Project("{9A19103F-16F7-4668-BE54-9A1E7A4F7556}") = "Builder", "build\Builder.csproj", "{9007F185-D2E2-419B-A4C5-0BE330684E80}"
EndProject
Project("{FAE04EC0-301F-11D3-BF4B-00C04F79EFBC}") = "AdoGen.Generator.Tests", "src\AdoGen.Generator.Tests\AdoGen.Generator.Tests.csproj", "{9D01FE9B-2C1F-473E-B39F-E5C85E416776}"
EndProject
Global
	GlobalSection(SolutionConfigurationPlatforms) = preSolution
		Debug|Any CPU = Debug|Any CPU
		Release|Any CPU = Release|Any CPU
	EndGlobalSection
	GlobalSection(ProjectConfigurationPlatforms) = postSolution
		{9007F185-D2E2-419B-A4C5-0BE330684E80}.Debug|Any CPU.ActiveCfg = Debug|Any CPU
		{9007F185-D2E2-419B-A4C5-0BE330684E80}.Release|Any CPU.ActiveCfg = Release|Any CPU
		{E8582590-15FE-552D-428F-D27EFD09BAFF}.Debug|Any CPU.ActiveCfg = Debug|Any CPU
		{E8582590-15FE-552D-428F-D27EFD09BAFF}.Debug|Any CPU.Build.0 = Debug|Any CPU
		{E8582590-15FE-552D-428F-D27EFD09BAFF}.Release|Any CPU.ActiveCfg = Release|Any CPU
		{E8582590-15FE-552D-428F-D27EFD09BAFF}.Release|Any CPU.Build.0 = Release|Any CPU
		{C81988E5-FA8D-D2A3-9C1A-B194867B576D}.Debug|Any CPU.ActiveCfg = Debug|Any CPU
		{C81988E5-FA8D-D2A3-9C1A-B194867B576D}.Debug|Any CPU.Build.0 = Debug|Any CPU
		{C81988E5-FA8D-D2A3-9C1A-B194867B576D}.Release|Any CPU.ActiveCfg = Release|Any CPU
		{C81988E5-FA8D-D2A3-9C1A-B194867B576D}.Release|Any CPU.Build.0 = Release|Any CPU
		{7CE86B51-0216-9B49-9D8F-8CF8021986C7}.Debug|Any CPU.ActiveCfg = Debug|Any CPU
		{7CE86B51-0216-9B49-9D8F-8CF8021986C7}.Debug|Any CPU.Build.0 = Debug|Any CPU
		{7CE86B51-0216-9B49-9D8F-8CF8021986C7}.Release|Any CPU.ActiveCfg = Release|Any CPU
		{7CE86B51-0216-9B49-9D8F-8CF8021986C7}.Release|Any CPU.Build.0 = Release|Any CPU
		{4C1240BD-D727-712B-0D55-F95748DBA22E}.Debug|Any CPU.ActiveCfg = Debug|Any CPU
		{4C1240BD-D727-712B-0D55-F95748DBA22E}.Debug|Any CPU.Build.0 = Debug|Any CPU
		{4C1240BD-D727-712B-0D55-F95748DBA22E}.Release|Any CPU.ActiveCfg = Release|Any CPU
		{4C1240BD-D727-712B-0D55-F95748DBA22E}.Release|Any CPU.Build.0 = Release|Any CPU
		{E7B8A342-8B72-68AA-37D8-BD22D85553C3}.Debug|Any CPU.ActiveCfg = Debug|Any CPU
		{E7B8A342-8B72-68AA-37D8-BD22D85553C3}.Debug|Any CPU.Build.0 = Debug|Any CPU
		{E7B8A342-8B72-68AA-37D8-BD22D85553C3}.Release|Any CPU.ActiveCfg = Release|Any CPU
		{E7B8A342-8B72-68AA-37D8-BD22D85553C3}.Release|Any CPU.Build.0 = Release|Any CPU
		{9D01FE9B-2C1F-473E-B39F-E5C85E416776}.Debug|Any CPU.ActiveCfg = Debug|Any CPU
		{9D01FE9B-2C1F-473E-B39F-E5C85E416776}.Debug|Any CPU.Build.0 = Debug|Any CPU
		{9D01FE9B-2C1F-473E-B39F-E5C85E416776}.Release|Any CPU.ActiveCfg = Release|Any CPU
		{9D01FE9B-2C1F-473E-B39F-E5C85E416776}.Release|Any CPU.Build.0 = Release|Any CPU
	EndGlobalSection
EndGlobal
